{
    "_readme": [
        "This file locks the dependencies of your project to a known state",
        "Read more about it at https://getcomposer.org/doc/01-basic-usage.md#installing-dependencies",
        "This file is @generated automatically"
    ],
    "content-hash": "a354a8bb68c9a6e2c91f5b149306a5cd",
    "packages": [
        {
            "name": "azuyalabs/yasumi",
            "version": "1.8.0",
            "source": {
                "type": "git",
                "url": "https://github.com/azuyalabs/yasumi.git",
                "reference": "115a3ccd53f45294d3d5f16ca85137cc9826953b"
            },
            "dist": {
                "type": "zip",
                "url": "https://api.github.com/repos/azuyalabs/yasumi/zipball/115a3ccd53f45294d3d5f16ca85137cc9826953b",
                "reference": "115a3ccd53f45294d3d5f16ca85137cc9826953b",
                "shasum": ""
            },
            "require": {
                "php": ">=5.6.0"
            },
            "require-dev": {
                "friendsofphp/php-cs-fixer": "^2.6",
                "fzaninotto/faker": "~1.7",
                "mikey179/vfsstream": "~1.6",
                "phpunit/phpunit": "~5.7"
            },
            "type": "library",
            "autoload": {
                "psr-4": {
                    "Yasumi\\": "src/Yasumi/"
                }
            },
            "notification-url": "https://packagist.org/downloads/",
            "license": [
                "MIT"
            ],
            "authors": [
                {
                    "name": "Sacha Telgenhof",
                    "email": "me@sachatelgenhof.nl"
                }
            ],
            "description": "Yasumi is an easy PHP Library for calculating national holidays.",
            "keywords": [
                "Bank",
                "calculation",
                "calendar",
                "celebration",
                "date",
                "holiday",
                "holidays",
                "national",
                "time"
            ],
            "time": "2018-02-21T05:23:52+00:00"
        }
    ],
    "packages-dev": [],
    "aliases": [],
    "minimum-stability": "stable",
    "stability-flags": [],
    "prefer-stable": false,
    "prefer-lowest": false,
    "platform": [],
    "platform-dev": []
}
